
Microsoft Visual Studio Solution File, Format Version 12.00
# Visual Studio Version 17
VisualStudioVersion = 17.0.31903.59
MinimumVisualStudioVersion = 10.0.40219.1
Project("{9A19103F-16F7-4668-BE54-9A1E7A4F7556}") = "Passwordless.Tests", "tests\Passwordless.Tests\Passwordless.Tests.csproj", "{F64C850E-9923-43F1-BC84-432AFBBA4425}"
EndProject
Project("{9A19103F-16F7-4668-BE54-9A1E7A4F7556}") = "Passwordless", "src\Passwordless\Passwordless.csproj", "{A01503A8-6AB9-43A7-AC5A-4EAE091B07B6}"
EndProject
Project("{2150E333-8FDC-42A3-9474-1A3956D46DE8}") = "Solution Items", "Solution Items", "{F239A76C-408E-4919-AB70-4499425E6F29}"
	ProjectSection(SolutionItems) = preProject
		.editorconfig = .editorconfig
		.gitignore = .gitignore
		Directory.Build.props = Directory.Build.props
		README.md = README.md
		LICENSE = LICENSE
		favicon.png = favicon.png
	EndProjectSection
EndProject
Project("{FAE04EC0-301F-11D3-BF4B-00C04F79EFBC}") = "Passwordless.AspNetCore", "src\Passwordless.AspNetCore\Passwordless.AspNetCore.csproj", "{7AEFC619-81DC-45FD-B805-D31FC64AD566}"
EndProject
Project("{FAE04EC0-301F-11D3-BF4B-00C04F79EFBC}") = "Passwordless.AspNetCore.Tests", "tests\Passwordless.AspNetCore.Tests\Passwordless.AspNetCore.Tests.csproj", "{EBC084B5-42AD-474D-A63C-EBF7C423F993}"
EndProject
Project("{2150E333-8FDC-42A3-9474-1A3956D46DE8}") = "src", "src", "{589AE18D-C74F-46EC-A628-9FFD3D3AC1A6}"
EndProject
Project("{2150E333-8FDC-42A3-9474-1A3956D46DE8}") = "tests", "tests", "{8FC08940-3E9D-4AE5-AB1D-940B4D5DC0E6}"
EndProject
Project("{2150E333-8FDC-42A3-9474-1A3956D46DE8}") = "examples", "examples", "{6EFECBD2-2BF5-473D-A7C3-A1F3A3F1816A}"
EndProject
Project("{FAE04EC0-301F-11D3-BF4B-00C04F79EFBC}") = "Passwordless.Example", "examples\Passwordless.Example\Passwordless.Example.csproj", "{15D70E7A-D222-4C60-93B2-06570A2BE5F2}"
EndProject
Project("{FAE04EC0-301F-11D3-BF4B-00C04F79EFBC}") = "Passwordless.AspNetIdentity.Example", "examples\Passwordless.AspNetIdentity.Example\Passwordless.AspNetIdentity.Example.csproj", "{F9487727-715D-442F-BE2F-7FB9931606C2}"
EndProject
Global
	GlobalSection(SolutionConfigurationPlatforms) = preSolution
		Debug|Any CPU = Debug|Any CPU
		Release|Any CPU = Release|Any CPU
	EndGlobalSection
	GlobalSection(ProjectConfigurationPlatforms) = postSolution
		{F64C850E-9923-43F1-BC84-432AFBBA4425}.Debug|Any CPU.ActiveCfg = Debug|Any CPU
		{F64C850E-9923-43F1-BC84-432AFBBA4425}.Debug|Any CPU.Build.0 = Debug|Any CPU
		{F64C850E-9923-43F1-BC84-432AFBBA4425}.Release|Any CPU.ActiveCfg = Release|Any CPU
		{F64C850E-9923-43F1-BC84-432AFBBA4425}.Release|Any CPU.Build.0 = Release|Any CPU
		{A01503A8-6AB9-43A7-AC5A-4EAE091B07B6}.Debug|Any CPU.ActiveCfg = Debug|Any CPU
		{A01503A8-6AB9-43A7-AC5A-4EAE091B07B6}.Debug|Any CPU.Build.0 = Debug|Any CPU
		{A01503A8-6AB9-43A7-AC5A-4EAE091B07B6}.Release|Any CPU.ActiveCfg = Release|Any CPU
		{A01503A8-6AB9-43A7-AC5A-4EAE091B07B6}.Release|Any CPU.Build.0 = Release|Any CPU
		{7AEFC619-81DC-45FD-B805-D31FC64AD566}.Debug|Any CPU.ActiveCfg = Debug|Any CPU
		{7AEFC619-81DC-45FD-B805-D31FC64AD566}.Debug|Any CPU.Build.0 = Debug|Any CPU
		{7AEFC619-81DC-45FD-B805-D31FC64AD566}.Release|Any CPU.ActiveCfg = Release|Any CPU
		{7AEFC619-81DC-45FD-B805-D31FC64AD566}.Release|Any CPU.Build.0 = Release|Any CPU
		{EBC084B5-42AD-474D-A63C-EBF7C423F993}.Debug|Any CPU.ActiveCfg = Debug|Any CPU
		{EBC084B5-42AD-474D-A63C-EBF7C423F993}.Debug|Any CPU.Build.0 = Debug|Any CPU
		{EBC084B5-42AD-474D-A63C-EBF7C423F993}.Release|Any CPU.ActiveCfg = Release|Any CPU
		{EBC084B5-42AD-474D-A63C-EBF7C423F993}.Release|Any CPU.Build.0 = Release|Any CPU
		{15D70E7A-D222-4C60-93B2-06570A2BE5F2}.Debug|Any CPU.ActiveCfg = Debug|Any CPU
		{15D70E7A-D222-4C60-93B2-06570A2BE5F2}.Debug|Any CPU.Build.0 = Debug|Any CPU
		{15D70E7A-D222-4C60-93B2-06570A2BE5F2}.Release|Any CPU.ActiveCfg = Release|Any CPU
		{15D70E7A-D222-4C60-93B2-06570A2BE5F2}.Release|Any CPU.Build.0 = Release|Any CPU
		{F9487727-715D-442F-BE2F-7FB9931606C2}.Debug|Any CPU.ActiveCfg = Debug|Any CPU
		{F9487727-715D-442F-BE2F-7FB9931606C2}.Debug|Any CPU.Build.0 = Debug|Any CPU
		{F9487727-715D-442F-BE2F-7FB9931606C2}.Release|Any CPU.ActiveCfg = Release|Any CPU
		{F9487727-715D-442F-BE2F-7FB9931606C2}.Release|Any CPU.Build.0 = Release|Any CPU
	EndGlobalSection
	GlobalSection(SolutionProperties) = preSolution
		HideSolutionNode = FALSE
	EndGlobalSection
	GlobalSection(NestedProjects) = preSolution
		{A01503A8-6AB9-43A7-AC5A-4EAE091B07B6} = {589AE18D-C74F-46EC-A628-9FFD3D3AC1A6}
		{7AEFC619-81DC-45FD-B805-D31FC64AD566} = {589AE18D-C74F-46EC-A628-9FFD3D3AC1A6}
		{EBC084B5-42AD-474D-A63C-EBF7C423F993} = {8FC08940-3E9D-4AE5-AB1D-940B4D5DC0E6}
		{F64C850E-9923-43F1-BC84-432AFBBA4425} = {8FC08940-3E9D-4AE5-AB1D-940B4D5DC0E6}
		{15D70E7A-D222-4C60-93B2-06570A2BE5F2} = {6EFECBD2-2BF5-473D-A7C3-A1F3A3F1816A}
		{F9487727-715D-442F-BE2F-7FB9931606C2} = {6EFECBD2-2BF5-473D-A7C3-A1F3A3F1816A}
	EndGlobalSection
EndGlobal
