
Microsoft Visual Studio Solution File, Format Version 12.00
# Visual Studio Version 17
VisualStudioVersion = 17.0.31903.59
MinimumVisualStudioVersion = 10.0.40219.1
Project("{9A19103F-16F7-4668-BE54-9A1E7A4F7556}") = "Sdk.Tests", "tests\Sdk.Tests\Sdk.Tests.csproj", "{F64C850E-9923-43F1-BC84-432AFBBA4425}"
EndProject
Project("{9A19103F-16F7-4668-BE54-9A1E7A4F7556}") = "Sdk", "src\Sdk\Sdk.csproj", "{A01503A8-6AB9-43A7-AC5A-4EAE091B07B6}"
EndProject
Project("{2150E333-8FDC-42A3-9474-1A3956D46DE8}") = "Solution Items", "Solution Items", "{F239A76C-408E-4919-AB70-4499425E6F29}"
	ProjectSection(SolutionItems) = preProject
		.editorconfig = .editorconfig
		.gitignore = .gitignore
		Directory.Build.props = Directory.Build.props
	EndProjectSection
EndProject
Global
	GlobalSection(SolutionConfigurationPlatforms) = preSolution
		Debug|Any CPU = Debug|Any CPU
		Release|Any CPU = Release|Any CPU
	EndGlobalSection
	GlobalSection(ProjectConfigurationPlatforms) = postSolution
		{F64C850E-9923-43F1-BC84-432AFBBA4425}.Debug|Any CPU.ActiveCfg = Debug|Any CPU
		{F64C850E-9923-43F1-BC84-432AFBBA4425}.Debug|Any CPU.Build.0 = Debug|Any CPU
		{F64C850E-9923-43F1-BC84-432AFBBA4425}.Release|Any CPU.ActiveCfg = Release|Any CPU
		{F64C850E-9923-43F1-BC84-432AFBBA4425}.Release|Any CPU.Build.0 = Release|Any CPU
		{A01503A8-6AB9-43A7-AC5A-4EAE091B07B6}.Debug|Any CPU.ActiveCfg = Debug|Any CPU
		{A01503A8-6AB9-43A7-AC5A-4EAE091B07B6}.Debug|Any CPU.Build.0 = Debug|Any CPU
		{A01503A8-6AB9-43A7-AC5A-4EAE091B07B6}.Release|Any CPU.ActiveCfg = Release|Any CPU
		{A01503A8-6AB9-43A7-AC5A-4EAE091B07B6}.Release|Any CPU.Build.0 = Release|Any CPU
	EndGlobalSection
	GlobalSection(SolutionProperties) = preSolution
		HideSolutionNode = FALSE
	EndGlobalSection
EndGlobal
