
Microsoft Visual Studio Solution File, Format Version 12.00
# Visual Studio Version 17
VisualStudioVersion = 17.0.31903.59
MinimumVisualStudioVersion = 10.0.40219.1
Project("{FAE04EC0-301F-11D3-BF4B-00C04F79EFBC}") = "Sdk.Tests", "Tests\Sdk.Tests\Sdk.Tests.csproj", "{F64C850E-9923-43F1-BC84-432AFBBA4425}"
EndProject
Project("{FAE04EC0-301F-11D3-BF4B-00C04F79EFBC}") = "Sdk", "src\Sdk\Sdk.csproj", "{A01503A8-6AB9-43A7-AC5A-4EAE091B07B6}"
EndProject
Global
	GlobalSection(SolutionConfigurationPlatforms) = preSolution
		Debug|Any CPU = Debug|Any CPU
		Release|Any CPU = Release|Any CPU
	EndGlobalSection
	GlobalSection(SolutionProperties) = preSolution
		HideSolutionNode = FALSE
	EndGlobalSection
	GlobalSection(ProjectConfigurationPlatforms) = postSolution
		{F64C850E-9923-43F1-BC84-432AFBBA4425}.Debug|Any CPU.ActiveCfg = Debug|Any CPU
		{F64C850E-9923-43F1-BC84-432AFBBA4425}.Debug|Any CPU.Build.0 = Debug|Any CPU
		{F64C850E-9923-43F1-BC84-432AFBBA4425}.Release|Any CPU.ActiveCfg = Release|Any CPU
		{F64C850E-9923-43F1-BC84-432AFBBA4425}.Release|Any CPU.Build.0 = Release|Any CPU
		{A01503A8-6AB9-43A7-AC5A-4EAE091B07B6}.Debug|Any CPU.ActiveCfg = Debug|Any CPU
		{A01503A8-6AB9-43A7-AC5A-4EAE091B07B6}.Debug|Any CPU.Build.0 = Debug|Any CPU
		{A01503A8-6AB9-43A7-AC5A-4EAE091B07B6}.Release|Any CPU.ActiveCfg = Release|Any CPU
		{A01503A8-6AB9-43A7-AC5A-4EAE091B07B6}.Release|Any CPU.Build.0 = Release|Any CPU
	EndGlobalSection
	GlobalSection(NestedProjects) = preSolution
	EndGlobalSection
EndGlobal
